// !$*UTF8*$!
{
	archiveVersion = 1;
	classes = {
	};
	objectVersion = 48;
	objects = {

/* Begin PBXBuildFile section */
		3F84C2CE21C65F3E00016AAA /* AppDelegate.swift in Sources */ = {isa = PBXBuildFile; fileRef = 3F84C2CD21C65F3E00016AAA /* AppDelegate.swift */; };
		3F84C2D021C65F3E00016AAA /* ViewController.swift in Sources */ = {isa = PBXBuildFile; fileRef = 3F84C2CF21C65F3E00016AAA /* ViewController.swift */; };
		3F84C2D321C65F3E00016AAA /* Main.storyboard in Resources */ = {isa = PBXBuildFile; fileRef = 3F84C2D121C65F3E00016AAA /* Main.storyboard */; };
		3F84C2D521C65F3E00016AAA /* Assets.xcassets in Resources */ = {isa = PBXBuildFile; fileRef = 3F84C2D421C65F3E00016AAA /* Assets.xcassets */; };
		3F84C2D821C65F3E00016AAA /* LaunchScreen.storyboard in Resources */ = {isa = PBXBuildFile; fileRef = 3F84C2D621C65F3E00016AAA /* LaunchScreen.storyboard */; };
/* End PBXBuildFile section */

/* Begin PBXFileReference section */
		3F84C2CA21C65F3E00016AAA /* exerciseTen(transition).app */ = {isa = PBXFileReference; explicitFileType = wrapper.application; includeInIndex = 0; path = "exerciseTen(transition).app"; sourceTree = BUILT_PRODUCTS_DIR; };
		3F84C2CD21C65F3E00016AAA /* AppDelegate.swift */ = {isa = PBXFileReference; lastKnownFileType = sourcecode.swift; path = AppDelegate.swift; sourceTree = "<group>"; };
		3F84C2CF21C65F3E00016AAA /* ViewController.swift */ = {isa = PBXFileReference; lastKnownFileType = sourcecode.swift; path = ViewController.swift; sourceTree = "<group>"; };
		3F84C2D221C65F3E00016AAA /* Base */ = {isa = PBXFileReference; lastKnownFileType = file.storyboard; name = Base; path = Base.lproj/Main.storyboard; sourceTree = "<group>"; };
		3F84C2D421C65F3E00016AAA /* Assets.xcassets */ = {isa = PBXFileReference; lastKnownFileType = folder.assetcatalog; path = Assets.xcassets; sourceTree = "<group>"; };
		3F84C2D721C65F3E00016AAA /* Base */ = {isa = PBXFileReference; lastKnownFileType = file.storyboard; name = Base; path = Base.lproj/LaunchScreen.storyboard; sourceTree = "<group>"; };
		3F84C2D921C65F3E00016AAA /* Info.plist */ = {isa = PBXFileReference; lastKnownFileType = text.plist.xml; path = Info.plist; sourceTree = "<group>"; };
/* End PBXFileReference section */

/* Begin PBXFrameworksBuildPhase section */
		3F84C2C721C65F3E00016AAA /* Frameworks */ = {
			isa = PBXFrameworksBuildPhase;
			buildActionMask = 2147483647;
			files = (
			);
			runOnlyForDeploymentPostprocessing = 0;
		};
/* End PBXFrameworksBuildPhase section */

/* Begin PBXGroup section */
		3F84C2C121C65F3E00016AAA = {
			isa = PBXGroup;
			children = (
				3F84C2CC21C65F3E00016AAA /* exerciseTen(transition) */,
				3F84C2CB21C65F3E00016AAA /* Products */,
			);
			sourceTree = "<group>";
		};
		3F84C2CB21C65F3E00016AAA /* Products */ = {
			isa = PBXGroup;
			children = (
				3F84C2CA21C65F3E00016AAA /* exerciseTen(transition).app */,
			);
			name = Products;
			sourceTree = "<group>";
		};
		3F84C2CC21C65F3E00016AAA /* exerciseTen(transition) */ = {
			isa = PBXGroup;
			children = (
				3F84C2CD21C65F3E00016AAA /* AppDelegate.swift */,
				3F84C2CF21C65F3E00016AAA /* ViewController.swift */,
				3F84C2D121C65F3E00016AAA /* Main.storyboard */,
				3F84C2D421C65F3E00016AAA /* Assets.xcassets */,
				3F84C2D621C65F3E00016AAA /* LaunchScreen.storyboard */,
				3F84C2D921C65F3E00016AAA /* Info.plist */,
			);
			path = "exerciseTen(transition)";
			sourceTree = "<group>";
		};
/* End PBXGroup section */

/* Begin PBXNativeTarget section */
		3F84C2C921C65F3E00016AAA /* exerciseTen(transition) */ = {
			isa = PBXNativeTarget;
			buildConfigurationList = 3F84C2DC21C65F3E00016AAA /* Build configuration list for PBXNativeTarget "exerciseTen(transition)" */;
			buildPhases = (
				3F84C2C621C65F3E00016AAA /* Sources */,
				3F84C2C721C65F3E00016AAA /* Frameworks */,
				3F84C2C821C65F3E00016AAA /* Resources */,
			);
			buildRules = (
			);
			dependencies = (
			);
			name = "exerciseTen(transition)";
			productName = "exerciseTen(transition)";
			productReference = 3F84C2CA21C65F3E00016AAA /* exerciseTen(transition).app */;
			productType = "com.apple.product-type.application";
		};
/* End PBXNativeTarget section */

/* Begin PBXProject section */
		3F84C2C221C65F3E00016AAA /* Project object */ = {
			isa = PBXProject;
			attributes = {
				LastSwiftUpdateCheck = 0900;
				LastUpgradeCheck = 0900;
				ORGANIZATIONNAME = student;
				TargetAttributes = {
					3F84C2C921C65F3E00016AAA = {
						CreatedOnToolsVersion = 9.0;
						ProvisioningStyle = Automatic;
					};
				};
			};
			buildConfigurationList = 3F84C2C521C65F3E00016AAA /* Build configuration list for PBXProject "exerciseTen(transition)" */;
			compatibilityVersion = "Xcode 8.0";
			developmentRegion = en;
			hasScannedForEncodings = 0;
			knownRegions = (
				en,
				Base,
			);
			mainGroup = 3F84C2C121C65F3E00016AAA;
			productRefGroup = 3F84C2CB21C65F3E00016AAA /* Products */;
			projectDirPath = "";
			projectRoot = "";
			targets = (
				3F84C2C921C65F3E00016AAA /* exerciseTen(transition) */,
			);
		};
/* End PBXProject section */

/* Begin PBXResourcesBuildPhase section */
		3F84C2C821C65F3E00016AAA /* Resources */ = {
			isa = PBXResourcesBuildPhase;
			buildActionMask = 2147483647;
			files = (
				3F84C2D821C65F3E00016AAA /* LaunchScreen.storyboard in Resources */,
				3F84C2D521C65F3E00016AAA /* Assets.xcassets in Resources */,
				3F84C2D321C65F3E00016AAA /* Main.storyboard in Resources */,
			);
			runOnlyForDeploymentPostprocessing = 0;
		};
/* End PBXResourcesBuildPhase section */

/* Begin PBXSourcesBuildPhase section */
		3F84C2C621C65F3E00016AAA /* Sources */ = {
			isa = PBXSourcesBuildPhase;
			buildActionMask = 2147483647;
			files = (
				3F84C2D021C65F3E00016AAA /* ViewController.swift in Sources */,
				3F84C2CE21C65F3E00016AAA /* AppDelegate.swift in Sources */,
			);
			runOnlyForDeploymentPostprocessing = 0;
		};
/* End PBXSourcesBuildPhase section */

/* Begin PBXVariantGroup section */
		3F84C2D121C65F3E00016AAA /* Main.storyboard */ = {
			isa = PBXVariantGroup;
			children = (
				3F84C2D221C65F3E00016AAA /* Base */,
			);
			name = Main.storyboard;
			sourceTree = "<group>";
		};
		3F84C2D621C65F3E00016AAA /* LaunchScreen.storyboard */ = {
			isa = PBXVariantGroup;
			children = (
				3F84C2D721C65F3E00016AAA /* Base */,
			);
			name = LaunchScreen.storyboard;
			sourceTree = "<group>";
		};
/* End PBXVariantGroup section */

/* Begin XCBuildConfiguration section */
		3F84C2DA21C65F3E00016AAA /* Debug */ = {
			isa = XCBuildConfiguration;
			buildSettings = {
				ALWAYS_SEARCH_USER_PATHS = NO;
				CLANG_ANALYZER_NONNULL = YES;
				CLANG_ANALYZER_NUMBER_OBJECT_CONVERSION = YES_AGGRESSIVE;
				CLANG_CXX_LANGUAGE_STANDARD = "gnu++14";
				CLANG_CXX_LIBRARY = "libc++";
				CLANG_ENABLE_MODULES = YES;
				CLANG_ENABLE_OBJC_ARC = YES;
				CLANG_WARN_BLOCK_CAPTURE_AUTORELEASING = YES;
				CLANG_WARN_BOOL_CONVERSION = YES;
				CLANG_WARN_COMMA = YES;
				CLANG_WARN_CONSTANT_CONVERSION = YES;
				CLANG_WARN_DIRECT_OBJC_ISA_USAGE = YES_ERROR;
				CLANG_WARN_DOCUMENTATION_COMMENTS = YES;
				CLANG_WARN_EMPTY_BODY = YES;
				CLANG_WARN_ENUM_CONVERSION = YES;
				CLANG_WARN_INFINITE_RECURSION = YES;
				CLANG_WARN_INT_CONVERSION = YES;
				CLANG_WARN_NON_LITERAL_NULL_CONVERSION = YES;
				CLANG_WARN_OBJC_LITERAL_CONVERSION = YES;
				CLANG_WARN_OBJC_ROOT_CLASS = YES_ERROR;
				CLANG_WARN_RANGE_LOOP_ANALYSIS = YES;
				CLANG_WARN_STRICT_PROTOTYPES = YES;
				CLANG_WARN_SUSPICIOUS_MOVE = YES;
				CLANG_WARN_UNGUARDED_AVAILABILITY = YES_AGGRESSIVE;
				CLANG_WARN_UNREACHABLE_CODE = YES;
				CLANG_WARN__DUPLICATE_METHOD_MATCH = YES;
				CODE_SIGN_IDENTITY = "iPhone Developer";
				COPY_PHASE_STRIP = NO;
				DEBUG_INFORMATION_FORMAT = dwarf;
				ENABLE_STRICT_OBJC_MSGSEND = YES;
				ENABLE_TESTABILITY = YES;
				GCC_C_LANGUAGE_STANDARD = gnu11;
				GCC_DYNAMIC_NO_PIC = NO;
				GCC_NO_COMMON_BLOCKS = YES;
				GCC_OPTIMIZATION_LEVEL = 0;
				GCC_PREPROCESSOR_DEFINITIONS = (
					"DEBUG=1",
					"$(inherited)",
				);
				GCC_WARN_64_TO_32_BIT_CONVERSION = YES;
				GCC_WARN_ABOUT_RETURN_TYPE = YES_ERROR;
				GCC_WARN_UNDECLARED_SELECTOR = YES;
				GCC_WARN_UNINITIALIZED_AUTOS = YES_AGGRESSIVE;
				GCC_WARN_UNUSED_FUNCTION = YES;
				GCC_WARN_UNUSED_VARIABLE = YES;
				IPHONEOS_DEPLOYMENT_TARGET = 11.0;
				MTL_ENABLE_DEBUG_INFO = YES;
				ONLY_ACTIVE_ARCH = YES;
				SDKROOT = iphoneos;
				SWIFT_ACTIVE_COMPILATION_CONDITIONS = DEBUG;
				SWIFT_OPTIMIZATION_LEVEL = "-Onone";
			};
			name = Debug;
		};
		3F84C2DB21C65F3E00016AAA /* Release */ = {
			isa = XCBuildConfiguration;
			buildSettings = {
				ALWAYS_SEARCH_USER_PATHS = NO;
				CLANG_ANALYZER_NONNULL = YES;
				CLANG_ANALYZER_NUMBER_OBJECT_CONVERSION = YES_AGGRESSIVE;
				CLANG_CXX_LANGUAGE_STANDARD = "gnu++14";
				CLANG_CXX_LIBRARY = "libc++";
				CLANG_ENABLE_MODULES = YES;
				CLANG_ENABLE_OBJC_ARC = YES;
				CLANG_WARN_BLOCK_CAPTURE_AUTORELEASING = YES;
				CLANG_WARN_BOOL_CONVERSION = YES;
				CLANG_WARN_COMMA = YES;
				CLANG_WARN_CONSTANT_CONVERSION = YES;
				CLANG_WARN_DIRECT_OBJC_ISA_USAGE = YES_ERROR;
				CLANG_WARN_DOCUMENTATION_COMMENTS = YES;
				CLANG_WARN_EMPTY_BODY = YES;
				CLANG_WARN_ENUM_CONVERSION = YES;
				CLANG_WARN_INFINITE_RECURSION = YES;
				CLANG_WARN_INT_CONVERSION = YES;
				CLANG_WARN_NON_LITERAL_NULL_CONVERSION = YES;
				CLANG_WARN_OBJC_LITERAL_CONVERSION = YES;
				CLANG_WARN_OBJC_ROOT_CLASS = YES_ERROR;
				CLANG_WARN_RANGE_LOOP_ANALYSIS = YES;
				CLANG_WARN_STRICT_PROTOTYPES = YES;
				CLANG_WARN_SUSPICIOUS_MOVE = YES;
				CLANG_WARN_UNGUARDED_AVAILABILITY = YES_AGGRESSIVE;
				CLANG_WARN_UNREACHABLE_CODE = YES;
				CLANG_WARN__DUPLICATE_METHOD_MATCH = YES;
				CODE_SIGN_IDENTITY = "iPhone Developer";
				COPY_PHASE_STRIP = NO;
				DEBUG_INFORMATION_FORMAT = "dwarf-with-dsym";
				ENABLE_NS_ASSERTIONS = NO;
				ENABLE_STRICT_OBJC_MSGSEND = YES;
				GCC_C_LANGUAGE_STANDARD = gnu11;
				GCC_NO_COMMON_BLOCKS = YES;
				GCC_WARN_64_TO_32_BIT_CONVERSION = YES;
				GCC_WARN_ABOUT_RETURN_TYPE = YES_ERROR;
				GCC_WARN_UNDECLARED_SELECTOR = YES;
				GCC_WARN_UNINITIALIZED_AUTOS = YES_AGGRESSIVE;
				GCC_WARN_UNUSED_FUNCTION = YES;
				GCC_WARN_UNUSED_VARIABLE = YES;
				IPHONEOS_DEPLOYMENT_TARGET = 11.0;
				MTL_ENABLE_DEBUG_INFO = NO;
				SDKROOT = iphoneos;
				SWIFT_OPTIMIZATION_LEVEL = "-Owholemodule";
				VALIDATE_PRODUCT = YES;
			};
			name = Release;
		};
		3F84C2DD21C65F3E00016AAA /* Debug */ = {
			isa = XCBuildConfiguration;
			buildSettings = {
				ASSETCATALOG_COMPILER_APPICON_NAME = AppIcon;
				CODE_SIGN_STYLE = Automatic;
				INFOPLIST_FILE = "exerciseTen(transition)/Info.plist";
				LD_RUNPATH_SEARCH_PATHS = "$(inherited) @executable_path/Frameworks";
				PRODUCT_BUNDLE_IDENTIFIER = "-016110429.exerciseTen-transition-";
				PRODUCT_NAME = "$(TARGET_NAME)";
				SWIFT_VERSION = 4.0;
				TARGETED_DEVICE_FAMILY = "1,2";
			};
			name = Debug;
		};
		3F84C2DE21C65F3E00016AAA /* Release */ = {
			isa = XCBuildConfiguration;
			buildSettings = {
				ASSETCATALOG_COMPILER_APPICON_NAME = AppIcon;
				CODE_SIGN_STYLE = Automatic;
				INFOPLIST_FILE = "exerciseTen(transition)/Info.plist";
				LD_RUNPATH_SEARCH_PATHS = "$(inherited) @executable_path/Frameworks";
				PRODUCT_BUNDLE_IDENTIFIER = "-016110429.exerciseTen-transition-";
				PRODUCT_NAME = "$(TARGET_NAME)";
				SWIFT_VERSION = 4.0;
				TARGETED_DEVICE_FAMILY = "1,2";
			};
			name = Release;
		};
/* End XCBuildConfiguration section */

/* Begin XCConfigurationList section */
		3F84C2C521C65F3E00016AAA /* Build configuration list for PBXProject "exerciseTen(transition)" */ = {
			isa = XCConfigurationList;
			buildConfigurations = (
				3F84C2DA21C65F3E00016AAA /* Debug */,
				3F84C2DB21C65F3E00016AAA /* Release */,
			);
			defaultConfigurationIsVisible = 0;
			defaultConfigurationName = Release;
		};
		3F84C2DC21C65F3E00016AAA /* Build configuration list for PBXNativeTarget "exerciseTen(transition)" */ = {
			isa = XCConfigurationList;
			buildConfigurations = (
				3F84C2DD21C65F3E00016AAA /* Debug */,
				3F84C2DE21C65F3E00016AAA /* Release */,
			);
			defaultConfigurationIsVisible = 0;
			defaultConfigurationName = Release;
		};
/* End XCConfigurationList section */
	};
	rootObject = 3F84C2C221C65F3E00016AAA /* Project object */;
}
